{
  "pins" : [
    {
      "identity" : "controlkitbase",
      "kind" : "remoteSourceControl",
      "location" : "https://github.com/ControlKit/ControlKitBase.git",
      "state" : {
        "branch" : "main",
        "revision" : "c5fad66b2e08584b4c6c26bf80d49a49367fa47b"
      }
    }
  ],
  "version" : 2
}
